// !$*UTF8*$!
{
	archiveVersion = 1;
	classes = {
	};
	objectVersion = 56;
	objects = {

/* Begin PBXBuildFile section */
		04162DA82B191389002316A4 /* HewanMasuk.swift in Sources */ = {isa = PBXBuildFile; fileRef = 04162DA72B191389002316A4 /* HewanMasuk.swift */; };
		0445FEFF2B21C11B0043D23A /* KelinciCocok.swift in Sources */ = {isa = PBXBuildFile; fileRef = 0445FEFE2B21C11B0043D23A /* KelinciCocok.swift */; };
		0445FF012B2C630B0043D23A /* Soundtrack.swift in Sources */ = {isa = PBXBuildFile; fileRef = 0445FF002B2C630B0043D23A /* Soundtrack.swift */; };
		0445FF032B2C65F00043D23A /* soundtrack.mp3 in Resources */ = {isa = PBXBuildFile; fileRef = 0445FF022B2C65F00043D23A /* soundtrack.mp3 */; };
		0445FF062B2C69360043D23A /* win.mp3 in Resources */ = {isa = PBXBuildFile; fileRef = 0445FF052B2C69360043D23A /* win.mp3 */; };
		0458FC3C2B14D88200D5504A /* buah.swift in Sources */ = {isa = PBXBuildFile; fileRef = 0458FC3B2B14D88200D5504A /* buah.swift */; };
		04F563A72B0DC5E10081ED40 /* AFL3_MobComApp.swift in Sources */ = {isa = PBXBuildFile; fileRef = 04F563A62B0DC5E10081ED40 /* AFL3_MobComApp.swift */; };
		04F563A92B0DC5E10081ED40 /* ContentView.swift in Sources */ = {isa = PBXBuildFile; fileRef = 04F563A82B0DC5E10081ED40 /* ContentView.swift */; };
		04F563AB2B0DC5E30081ED40 /* Assets.xcassets in Resources */ = {isa = PBXBuildFile; fileRef = 04F563AA2B0DC5E30081ED40 /* Assets.xcassets */; };
		04F563AE2B0DC5E30081ED40 /* Preview Assets.xcassets in Resources */ = {isa = PBXBuildFile; fileRef = 04F563AD2B0DC5E30081ED40 /* Preview Assets.xcassets */; };
		04F563B82B0DC5E30081ED40 /* AFL3_MobComTests.swift in Sources */ = {isa = PBXBuildFile; fileRef = 04F563B72B0DC5E30081ED40 /* AFL3_MobComTests.swift */; };
		04F563C22B0DC5E30081ED40 /* AFL3_MobComUITests.swift in Sources */ = {isa = PBXBuildFile; fileRef = 04F563C12B0DC5E30081ED40 /* AFL3_MobComUITests.swift */; };
		04F563C42B0DC5E30081ED40 /* AFL3_MobComUITestsLaunchTests.swift in Sources */ = {isa = PBXBuildFile; fileRef = 04F563C32B0DC5E30081ED40 /* AFL3_MobComUITestsLaunchTests.swift */; };
		04F563D12B12E78B0081ED40 /* PaytoneOne-Regular.ttf in Resources */ = {isa = PBXBuildFile; fileRef = 04F563D02B12E78B0081ED40 /* PaytoneOne-Regular.ttf */; };
		04F563D42B12EB320081ED40 /* PeternakanHitung.swift in Sources */ = {isa = PBXBuildFile; fileRef = 04F563D32B12EB320081ED40 /* PeternakanHitung.swift */; };
		04F563D62B14FFE40081ED40 /* BuahHitung.swift in Sources */ = {isa = PBXBuildFile; fileRef = 04F563D52B14FFE40081ED40 /* BuahHitung.swift */; };
/* End PBXBuildFile section */

/* Begin PBXContainerItemProxy section */
		04F563B42B0DC5E30081ED40 /* PBXContainerItemProxy */ = {
			isa = PBXContainerItemProxy;
			containerPortal = 04F5639B2B0DC5E10081ED40 /* Project object */;
			proxyType = 1;
			remoteGlobalIDString = 04F563A22B0DC5E10081ED40;
			remoteInfo = AFL3_MobCom;
		};
		04F563BE2B0DC5E30081ED40 /* PBXContainerItemProxy */ = {
			isa = PBXContainerItemProxy;
			containerPortal = 04F5639B2B0DC5E10081ED40 /* Project object */;
			proxyType = 1;
			remoteGlobalIDString = 04F563A22B0DC5E10081ED40;
			remoteInfo = AFL3_MobCom;
		};
/* End PBXContainerItemProxy section */

/* Begin PBXFileReference section */
		04162DA72B191389002316A4 /* HewanMasuk.swift */ = {isa = PBXFileReference; lastKnownFileType = sourcecode.swift; path = HewanMasuk.swift; sourceTree = "<group>"; };
		0445FEFE2B21C11B0043D23A /* KelinciCocok.swift */ = {isa = PBXFileReference; lastKnownFileType = sourcecode.swift; path = KelinciCocok.swift; sourceTree = "<group>"; };
		0445FF002B2C630B0043D23A /* Soundtrack.swift */ = {isa = PBXFileReference; lastKnownFileType = sourcecode.swift; path = Soundtrack.swift; sourceTree = "<group>"; };
		0445FF022B2C65F00043D23A /* soundtrack.mp3 */ = {isa = PBXFileReference; lastKnownFileType = audio.mp3; path = soundtrack.mp3; sourceTree = "<group>"; };
		0445FF052B2C69360043D23A /* win.mp3 */ = {isa = PBXFileReference; lastKnownFileType = audio.mp3; path = win.mp3; sourceTree = "<group>"; };
		0458FC3B2B14D88200D5504A /* buah.swift */ = {isa = PBXFileReference; lastKnownFileType = sourcecode.swift; path = buah.swift; sourceTree = "<group>"; };
		04F563A32B0DC5E10081ED40 /* AFL3_MobCom.app */ = {isa = PBXFileReference; explicitFileType = wrapper.application; includeInIndex = 0; path = AFL3_MobCom.app; sourceTree = BUILT_PRODUCTS_DIR; };
		04F563A62B0DC5E10081ED40 /* AFL3_MobComApp.swift */ = {isa = PBXFileReference; lastKnownFileType = sourcecode.swift; path = AFL3_MobComApp.swift; sourceTree = "<group>"; };
		04F563A82B0DC5E10081ED40 /* ContentView.swift */ = {isa = PBXFileReference; lastKnownFileType = sourcecode.swift; path = ContentView.swift; sourceTree = "<group>"; };
		04F563AA2B0DC5E30081ED40 /* Assets.xcassets */ = {isa = PBXFileReference; lastKnownFileType = folder.assetcatalog; path = Assets.xcassets; sourceTree = "<group>"; };
		04F563AD2B0DC5E30081ED40 /* Preview Assets.xcassets */ = {isa = PBXFileReference; lastKnownFileType = folder.assetcatalog; path = "Preview Assets.xcassets"; sourceTree = "<group>"; };
		04F563B32B0DC5E30081ED40 /* AFL3_MobComTests.xctest */ = {isa = PBXFileReference; explicitFileType = wrapper.cfbundle; includeInIndex = 0; path = AFL3_MobComTests.xctest; sourceTree = BUILT_PRODUCTS_DIR; };
		04F563B72B0DC5E30081ED40 /* AFL3_MobComTests.swift */ = {isa = PBXFileReference; lastKnownFileType = sourcecode.swift; path = AFL3_MobComTests.swift; sourceTree = "<group>"; };
		04F563BD2B0DC5E30081ED40 /* AFL3_MobComUITests.xctest */ = {isa = PBXFileReference; explicitFileType = wrapper.cfbundle; includeInIndex = 0; path = AFL3_MobComUITests.xctest; sourceTree = BUILT_PRODUCTS_DIR; };
		04F563C12B0DC5E30081ED40 /* AFL3_MobComUITests.swift */ = {isa = PBXFileReference; lastKnownFileType = sourcecode.swift; path = AFL3_MobComUITests.swift; sourceTree = "<group>"; };
		04F563C32B0DC5E30081ED40 /* AFL3_MobComUITestsLaunchTests.swift */ = {isa = PBXFileReference; lastKnownFileType = sourcecode.swift; path = AFL3_MobComUITestsLaunchTests.swift; sourceTree = "<group>"; };
		04F563D02B12E78B0081ED40 /* PaytoneOne-Regular.ttf */ = {isa = PBXFileReference; lastKnownFileType = file; path = "PaytoneOne-Regular.ttf"; sourceTree = "<group>"; };
		04F563D22B12E7B40081ED40 /* AFL3-MobCom-Info.plist */ = {isa = PBXFileReference; lastKnownFileType = text.plist; path = "AFL3-MobCom-Info.plist"; sourceTree = SOURCE_ROOT; };
		04F563D32B12EB320081ED40 /* PeternakanHitung.swift */ = {isa = PBXFileReference; lastKnownFileType = sourcecode.swift; path = PeternakanHitung.swift; sourceTree = "<group>"; };
		04F563D52B14FFE40081ED40 /* BuahHitung.swift */ = {isa = PBXFileReference; lastKnownFileType = sourcecode.swift; path = BuahHitung.swift; sourceTree = "<group>"; };
/* End PBXFileReference section */

/* Begin PBXFrameworksBuildPhase section */
		04F563A02B0DC5E10081ED40 /* Frameworks */ = {
			isa = PBXFrameworksBuildPhase;
			buildActionMask = 2147483647;
			files = (
			);
			runOnlyForDeploymentPostprocessing = 0;
		};
		04F563B02B0DC5E30081ED40 /* Frameworks */ = {
			isa = PBXFrameworksBuildPhase;
			buildActionMask = 2147483647;
			files = (
			);
			runOnlyForDeploymentPostprocessing = 0;
		};
		04F563BA2B0DC5E30081ED40 /* Frameworks */ = {
			isa = PBXFrameworksBuildPhase;
			buildActionMask = 2147483647;
			files = (
			);
			runOnlyForDeploymentPostprocessing = 0;
		};
/* End PBXFrameworksBuildPhase section */

/* Begin PBXGroup section */
		0445FF042B2C66820043D23A /* sound */ = {
			isa = PBXGroup;
			children = (
				0445FF052B2C69360043D23A /* win.mp3 */,
				0445FF022B2C65F00043D23A /* soundtrack.mp3 */,
			);
			path = sound;
			sourceTree = "<group>";
		};
		04F5639A2B0DC5E10081ED40 = {
			isa = PBXGroup;
			children = (
				04F563D02B12E78B0081ED40 /* PaytoneOne-Regular.ttf */,
				04F563A52B0DC5E10081ED40 /* AFL3_MobCom */,
				04F563B62B0DC5E30081ED40 /* AFL3_MobComTests */,
				04F563C02B0DC5E30081ED40 /* AFL3_MobComUITests */,
				04F563A42B0DC5E10081ED40 /* Products */,
			);
			sourceTree = "<group>";
		};
		04F563A42B0DC5E10081ED40 /* Products */ = {
			isa = PBXGroup;
			children = (
				04F563A32B0DC5E10081ED40 /* AFL3_MobCom.app */,
				04F563B32B0DC5E30081ED40 /* AFL3_MobComTests.xctest */,
				04F563BD2B0DC5E30081ED40 /* AFL3_MobComUITests.xctest */,
			);
			name = Products;
			sourceTree = "<group>";
		};
		04F563A52B0DC5E10081ED40 /* AFL3_MobCom */ = {
			isa = PBXGroup;
			children = (
				0445FF042B2C66820043D23A /* sound */,
				04F563D22B12E7B40081ED40 /* AFL3-MobCom-Info.plist */,
				04F563A62B0DC5E10081ED40 /* AFL3_MobComApp.swift */,
				04F563D52B14FFE40081ED40 /* BuahHitung.swift */,
				04F563D32B12EB320081ED40 /* PeternakanHitung.swift */,
				0445FF002B2C630B0043D23A /* Soundtrack.swift */,
				04162DA72B191389002316A4 /* HewanMasuk.swift */,
				0445FEFE2B21C11B0043D23A /* KelinciCocok.swift */,
				04F563A82B0DC5E10081ED40 /* ContentView.swift */,
				0458FC3B2B14D88200D5504A /* buah.swift */,
				04F563AA2B0DC5E30081ED40 /* Assets.xcassets */,
				04F563AC2B0DC5E30081ED40 /* Preview Content */,
			);
			path = AFL3_MobCom;
			sourceTree = "<group>";
		};
		04F563AC2B0DC5E30081ED40 /* Preview Content */ = {
			isa = PBXGroup;
			children = (
				04F563AD2B0DC5E30081ED40 /* Preview Assets.xcassets */,
			);
			path = "Preview Content";
			sourceTree = "<group>";
		};
		04F563B62B0DC5E30081ED40 /* AFL3_MobComTests */ = {
			isa = PBXGroup;
			children = (
				04F563B72B0DC5E30081ED40 /* AFL3_MobComTests.swift */,
			);
			path = AFL3_MobComTests;
			sourceTree = "<group>";
		};
		04F563C02B0DC5E30081ED40 /* AFL3_MobComUITests */ = {
			isa = PBXGroup;
			children = (
				04F563C12B0DC5E30081ED40 /* AFL3_MobComUITests.swift */,
				04F563C32B0DC5E30081ED40 /* AFL3_MobComUITestsLaunchTests.swift */,
			);
			path = AFL3_MobComUITests;
			sourceTree = "<group>";
		};
/* End PBXGroup section */

/* Begin PBXNativeTarget section */
		04F563A22B0DC5E10081ED40 /* AFL3_MobCom */ = {
			isa = PBXNativeTarget;
			buildConfigurationList = 04F563C72B0DC5E30081ED40 /* Build configuration list for PBXNativeTarget "AFL3_MobCom" */;
			buildPhases = (
				04F5639F2B0DC5E10081ED40 /* Sources */,
				04F563A02B0DC5E10081ED40 /* Frameworks */,
				04F563A12B0DC5E10081ED40 /* Resources */,
			);
			buildRules = (
			);
			dependencies = (
			);
			name = AFL3_MobCom;
			productName = AFL3_MobCom;
			productReference = 04F563A32B0DC5E10081ED40 /* AFL3_MobCom.app */;
			productType = "com.apple.product-type.application";
		};
		04F563B22B0DC5E30081ED40 /* AFL3_MobComTests */ = {
			isa = PBXNativeTarget;
			buildConfigurationList = 04F563CA2B0DC5E30081ED40 /* Build configuration list for PBXNativeTarget "AFL3_MobComTests" */;
			buildPhases = (
				04F563AF2B0DC5E30081ED40 /* Sources */,
				04F563B02B0DC5E30081ED40 /* Frameworks */,
				04F563B12B0DC5E30081ED40 /* Resources */,
			);
			buildRules = (
			);
			dependencies = (
				04F563B52B0DC5E30081ED40 /* PBXTargetDependency */,
			);
			name = AFL3_MobComTests;
			productName = AFL3_MobComTests;
			productReference = 04F563B32B0DC5E30081ED40 /* AFL3_MobComTests.xctest */;
			productType = "com.apple.product-type.bundle.unit-test";
		};
		04F563BC2B0DC5E30081ED40 /* AFL3_MobComUITests */ = {
			isa = PBXNativeTarget;
			buildConfigurationList = 04F563CD2B0DC5E30081ED40 /* Build configuration list for PBXNativeTarget "AFL3_MobComUITests" */;
			buildPhases = (
				04F563B92B0DC5E30081ED40 /* Sources */,
				04F563BA2B0DC5E30081ED40 /* Frameworks */,
				04F563BB2B0DC5E30081ED40 /* Resources */,
			);
			buildRules = (
			);
			dependencies = (
				04F563BF2B0DC5E30081ED40 /* PBXTargetDependency */,
			);
			name = AFL3_MobComUITests;
			productName = AFL3_MobComUITests;
			productReference = 04F563BD2B0DC5E30081ED40 /* AFL3_MobComUITests.xctest */;
			productType = "com.apple.product-type.bundle.ui-testing";
		};
/* End PBXNativeTarget section */

/* Begin PBXProject section */
		04F5639B2B0DC5E10081ED40 /* Project object */ = {
			isa = PBXProject;
			attributes = {
				BuildIndependentTargetsInParallel = 1;
				LastSwiftUpdateCheck = 1500;
				LastUpgradeCheck = 1500;
				TargetAttributes = {
					04F563A22B0DC5E10081ED40 = {
						CreatedOnToolsVersion = 15.0;
					};
					04F563B22B0DC5E30081ED40 = {
						CreatedOnToolsVersion = 15.0;
						TestTargetID = 04F563A22B0DC5E10081ED40;
					};
					04F563BC2B0DC5E30081ED40 = {
						CreatedOnToolsVersion = 15.0;
						TestTargetID = 04F563A22B0DC5E10081ED40;
					};
				};
			};
			buildConfigurationList = 04F5639E2B0DC5E10081ED40 /* Build configuration list for PBXProject "AFL3_MobCom" */;
			compatibilityVersion = "Xcode 14.0";
			developmentRegion = en;
			hasScannedForEncodings = 0;
			knownRegions = (
				en,
				Base,
			);
			mainGroup = 04F5639A2B0DC5E10081ED40;
			productRefGroup = 04F563A42B0DC5E10081ED40 /* Products */;
			projectDirPath = "";
			projectRoot = "";
			targets = (
				04F563A22B0DC5E10081ED40 /* AFL3_MobCom */,
				04F563B22B0DC5E30081ED40 /* AFL3_MobComTests */,
				04F563BC2B0DC5E30081ED40 /* AFL3_MobComUITests */,
			);
		};
/* End PBXProject section */

/* Begin PBXResourcesBuildPhase section */
		04F563A12B0DC5E10081ED40 /* Resources */ = {
			isa = PBXResourcesBuildPhase;
			buildActionMask = 2147483647;
			files = (
				0445FF062B2C69360043D23A /* win.mp3 in Resources */,
				04F563D12B12E78B0081ED40 /* PaytoneOne-Regular.ttf in Resources */,
				04F563AE2B0DC5E30081ED40 /* Preview Assets.xcassets in Resources */,
				0445FF032B2C65F00043D23A /* soundtrack.mp3 in Resources */,
				04F563AB2B0DC5E30081ED40 /* Assets.xcassets in Resources */,
			);
			runOnlyForDeploymentPostprocessing = 0;
		};
		04F563B12B0DC5E30081ED40 /* Resources */ = {
			isa = PBXResourcesBuildPhase;
			buildActionMask = 2147483647;
			files = (
			);
			runOnlyForDeploymentPostprocessing = 0;
		};
		04F563BB2B0DC5E30081ED40 /* Resources */ = {
			isa = PBXResourcesBuildPhase;
			buildActionMask = 2147483647;
			files = (
			);
			runOnlyForDeploymentPostprocessing = 0;
		};
/* End PBXResourcesBuildPhase section */

/* Begin PBXSourcesBuildPhase section */
		04F5639F2B0DC5E10081ED40 /* Sources */ = {
			isa = PBXSourcesBuildPhase;
			buildActionMask = 2147483647;
			files = (
				04F563D42B12EB320081ED40 /* PeternakanHitung.swift in Sources */,
				0445FF012B2C630B0043D23A /* Soundtrack.swift in Sources */,
				0458FC3C2B14D88200D5504A /* buah.swift in Sources */,
				04F563A92B0DC5E10081ED40 /* ContentView.swift in Sources */,
				0445FEFF2B21C11B0043D23A /* KelinciCocok.swift in Sources */,
				04F563D62B14FFE40081ED40 /* BuahHitung.swift in Sources */,
				04F563A72B0DC5E10081ED40 /* AFL3_MobComApp.swift in Sources */,
				04162DA82B191389002316A4 /* HewanMasuk.swift in Sources */,
			);
			runOnlyForDeploymentPostprocessing = 0;
		};
		04F563AF2B0DC5E30081ED40 /* Sources */ = {
			isa = PBXSourcesBuildPhase;
			buildActionMask = 2147483647;
			files = (
				04F563B82B0DC5E30081ED40 /* AFL3_MobComTests.swift in Sources */,
			);
			runOnlyForDeploymentPostprocessing = 0;
		};
		04F563B92B0DC5E30081ED40 /* Sources */ = {
			isa = PBXSourcesBuildPhase;
			buildActionMask = 2147483647;
			files = (
				04F563C22B0DC5E30081ED40 /* AFL3_MobComUITests.swift in Sources */,
				04F563C42B0DC5E30081ED40 /* AFL3_MobComUITestsLaunchTests.swift in Sources */,
			);
			runOnlyForDeploymentPostprocessing = 0;
		};
/* End PBXSourcesBuildPhase section */

/* Begin PBXTargetDependency section */
		04F563B52B0DC5E30081ED40 /* PBXTargetDependency */ = {
			isa = PBXTargetDependency;
			target = 04F563A22B0DC5E10081ED40 /* AFL3_MobCom */;
			targetProxy = 04F563B42B0DC5E30081ED40 /* PBXContainerItemProxy */;
		};
		04F563BF2B0DC5E30081ED40 /* PBXTargetDependency */ = {
			isa = PBXTargetDependency;
			target = 04F563A22B0DC5E10081ED40 /* AFL3_MobCom */;
			targetProxy = 04F563BE2B0DC5E30081ED40 /* PBXContainerItemProxy */;
		};
/* End PBXTargetDependency section */

/* Begin XCBuildConfiguration section */
		04F563C52B0DC5E30081ED40 /* Debug */ = {
			isa = XCBuildConfiguration;
			buildSettings = {
				ALWAYS_SEARCH_USER_PATHS = NO;
				ASSETCATALOG_COMPILER_GENERATE_SWIFT_ASSET_SYMBOL_EXTENSIONS = YES;
				CLANG_ANALYZER_NONNULL = YES;
				CLANG_ANALYZER_NUMBER_OBJECT_CONVERSION = YES_AGGRESSIVE;
				CLANG_CXX_LANGUAGE_STANDARD = "gnu++20";
				CLANG_ENABLE_MODULES = YES;
				CLANG_ENABLE_OBJC_ARC = YES;
				CLANG_ENABLE_OBJC_WEAK = YES;
				CLANG_WARN_BLOCK_CAPTURE_AUTORELEASING = YES;
				CLANG_WARN_BOOL_CONVERSION = YES;
				CLANG_WARN_COMMA = YES;
				CLANG_WARN_CONSTANT_CONVERSION = YES;
				CLANG_WARN_DEPRECATED_OBJC_IMPLEMENTATIONS = YES;
				CLANG_WARN_DIRECT_OBJC_ISA_USAGE = YES_ERROR;
				CLANG_WARN_DOCUMENTATION_COMMENTS = YES;
				CLANG_WARN_EMPTY_BODY = YES;
				CLANG_WARN_ENUM_CONVERSION = YES;
				CLANG_WARN_INFINITE_RECURSION = YES;
				CLANG_WARN_INT_CONVERSION = YES;
				CLANG_WARN_NON_LITERAL_NULL_CONVERSION = YES;
				CLANG_WARN_OBJC_IMPLICIT_RETAIN_SELF = YES;
				CLANG_WARN_OBJC_LITERAL_CONVERSION = YES;
				CLANG_WARN_OBJC_ROOT_CLASS = YES_ERROR;
				CLANG_WARN_QUOTED_INCLUDE_IN_FRAMEWORK_HEADER = YES;
				CLANG_WARN_RANGE_LOOP_ANALYSIS = YES;
				CLANG_WARN_STRICT_PROTOTYPES = YES;
				CLANG_WARN_SUSPICIOUS_MOVE = YES;
				CLANG_WARN_UNGUARDED_AVAILABILITY = YES_AGGRESSIVE;
				CLANG_WARN_UNREACHABLE_CODE = YES;
				CLANG_WARN__DUPLICATE_METHOD_MATCH = YES;
				COPY_PHASE_STRIP = NO;
				DEBUG_INFORMATION_FORMAT = dwarf;
				ENABLE_STRICT_OBJC_MSGSEND = YES;
				ENABLE_TESTABILITY = YES;
				ENABLE_USER_SCRIPT_SANDBOXING = YES;
				GCC_C_LANGUAGE_STANDARD = gnu17;
				GCC_DYNAMIC_NO_PIC = NO;
				GCC_NO_COMMON_BLOCKS = YES;
				GCC_OPTIMIZATION_LEVEL = 0;
				GCC_PREPROCESSOR_DEFINITIONS = (
					"DEBUG=1",
					"$(inherited)",
				);
				GCC_WARN_64_TO_32_BIT_CONVERSION = YES;
				GCC_WARN_ABOUT_RETURN_TYPE = YES_ERROR;
				GCC_WARN_UNDECLARED_SELECTOR = YES;
				GCC_WARN_UNINITIALIZED_AUTOS = YES_AGGRESSIVE;
				GCC_WARN_UNUSED_FUNCTION = YES;
				GCC_WARN_UNUSED_VARIABLE = YES;
				IPHONEOS_DEPLOYMENT_TARGET = 17.0;
				LOCALIZATION_PREFERS_STRING_CATALOGS = YES;
				MTL_ENABLE_DEBUG_INFO = INCLUDE_SOURCE;
				MTL_FAST_MATH = YES;
				ONLY_ACTIVE_ARCH = YES;
				SDKROOT = iphoneos;
				SWIFT_ACTIVE_COMPILATION_CONDITIONS = "DEBUG $(inherited)";
				SWIFT_OPTIMIZATION_LEVEL = "-Onone";
			};
			name = Debug;
		};
		04F563C62B0DC5E30081ED40 /* Release */ = {
			isa = XCBuildConfiguration;
			buildSettings = {
				ALWAYS_SEARCH_USER_PATHS = NO;
				ASSETCATALOG_COMPILER_GENERATE_SWIFT_ASSET_SYMBOL_EXTENSIONS = YES;
				CLANG_ANALYZER_NONNULL = YES;
				CLANG_ANALYZER_NUMBER_OBJECT_CONVERSION = YES_AGGRESSIVE;
				CLANG_CXX_LANGUAGE_STANDARD = "gnu++20";
				CLANG_ENABLE_MODULES = YES;
				CLANG_ENABLE_OBJC_ARC = YES;
				CLANG_ENABLE_OBJC_WEAK = YES;
				CLANG_WARN_BLOCK_CAPTURE_AUTORELEASING = YES;
				CLANG_WARN_BOOL_CONVERSION = YES;
				CLANG_WARN_COMMA = YES;
				CLANG_WARN_CONSTANT_CONVERSION = YES;
				CLANG_WARN_DEPRECATED_OBJC_IMPLEMENTATIONS = YES;
				CLANG_WARN_DIRECT_OBJC_ISA_USAGE = YES_ERROR;
				CLANG_WARN_DOCUMENTATION_COMMENTS = YES;
				CLANG_WARN_EMPTY_BODY = YES;
				CLANG_WARN_ENUM_CONVERSION = YES;
				CLANG_WARN_INFINITE_RECURSION = YES;
				CLANG_WARN_INT_CONVERSION = YES;
				CLANG_WARN_NON_LITERAL_NULL_CONVERSION = YES;
				CLANG_WARN_OBJC_IMPLICIT_RETAIN_SELF = YES;
				CLANG_WARN_OBJC_LITERAL_CONVERSION = YES;
				CLANG_WARN_OBJC_ROOT_CLASS = YES_ERROR;
				CLANG_WARN_QUOTED_INCLUDE_IN_FRAMEWORK_HEADER = YES;
				CLANG_WARN_RANGE_LOOP_ANALYSIS = YES;
				CLANG_WARN_STRICT_PROTOTYPES = YES;
				CLANG_WARN_SUSPICIOUS_MOVE = YES;
				CLANG_WARN_UNGUARDED_AVAILABILITY = YES_AGGRESSIVE;
				CLANG_WARN_UNREACHABLE_CODE = YES;
				CLANG_WARN__DUPLICATE_METHOD_MATCH = YES;
				COPY_PHASE_STRIP = NO;
				DEBUG_INFORMATION_FORMAT = "dwarf-with-dsym";
				ENABLE_NS_ASSERTIONS = NO;
				ENABLE_STRICT_OBJC_MSGSEND = YES;
				ENABLE_USER_SCRIPT_SANDBOXING = YES;
				GCC_C_LANGUAGE_STANDARD = gnu17;
				GCC_NO_COMMON_BLOCKS = YES;
				GCC_WARN_64_TO_32_BIT_CONVERSION = YES;
				GCC_WARN_ABOUT_RETURN_TYPE = YES_ERROR;
				GCC_WARN_UNDECLARED_SELECTOR = YES;
				GCC_WARN_UNINITIALIZED_AUTOS = YES_AGGRESSIVE;
				GCC_WARN_UNUSED_FUNCTION = YES;
				GCC_WARN_UNUSED_VARIABLE = YES;
				IPHONEOS_DEPLOYMENT_TARGET = 17.0;
				LOCALIZATION_PREFERS_STRING_CATALOGS = YES;
				MTL_ENABLE_DEBUG_INFO = NO;
				MTL_FAST_MATH = YES;
				SDKROOT = iphoneos;
				SWIFT_COMPILATION_MODE = wholemodule;
				VALIDATE_PRODUCT = YES;
			};
			name = Release;
		};
		04F563C82B0DC5E30081ED40 /* Debug */ = {
			isa = XCBuildConfiguration;
			buildSettings = {
				ASSETCATALOG_COMPILER_APPICON_NAME = AppIcon;
				ASSETCATALOG_COMPILER_GLOBAL_ACCENT_COLOR_NAME = AccentColor;
				CODE_SIGN_STYLE = Automatic;
				CURRENT_PROJECT_VERSION = 1;
				DEVELOPMENT_ASSET_PATHS = "\"AFL3_MobCom/Preview Content\"";
				ENABLE_PREVIEWS = YES;
				GENERATE_INFOPLIST_FILE = YES;
				INFOPLIST_FILE = "AFL3-MobCom-Info.plist";
				INFOPLIST_KEY_UIApplicationSceneManifest_Generation = YES;
				INFOPLIST_KEY_UIApplicationSupportsIndirectInputEvents = YES;
				INFOPLIST_KEY_UILaunchScreen_Generation = YES;
				INFOPLIST_KEY_UISupportedInterfaceOrientations = "UIInterfaceOrientationLandscapeLeft UIInterfaceOrientationLandscapeRight";
				LD_RUNPATH_SEARCH_PATHS = (
					"$(inherited)",
					"@executable_path/Frameworks",
				);
				MARKETING_VERSION = 1.0;
				PRODUCT_BUNDLE_IDENTIFIER = "Jefmou.AFL3-MobCom";
				PRODUCT_NAME = "$(TARGET_NAME)";
				SWIFT_EMIT_LOC_STRINGS = YES;
				SWIFT_VERSION = 5.0;
				TARGETED_DEVICE_FAMILY = "1,2";
			};
			name = Debug;
		};
		04F563C92B0DC5E30081ED40 /* Release */ = {
			isa = XCBuildConfiguration;
			buildSettings = {
				ASSETCATALOG_COMPILER_APPICON_NAME = AppIcon;
				ASSETCATALOG_COMPILER_GLOBAL_ACCENT_COLOR_NAME = AccentColor;
				CODE_SIGN_STYLE = Automatic;
				CURRENT_PROJECT_VERSION = 1;
				DEVELOPMENT_ASSET_PATHS = "\"AFL3_MobCom/Preview Content\"";
				ENABLE_PREVIEWS = YES;
				GENERATE_INFOPLIST_FILE = YES;
				INFOPLIST_FILE = "AFL3-MobCom-Info.plist";
				INFOPLIST_KEY_UIApplicationSceneManifest_Generation = YES;
				INFOPLIST_KEY_UIApplicationSupportsIndirectInputEvents = YES;
				INFOPLIST_KEY_UILaunchScreen_Generation = YES;
				INFOPLIST_KEY_UISupportedInterfaceOrientations = "UIInterfaceOrientationLandscapeLeft UIInterfaceOrientationLandscapeRight";
				LD_RUNPATH_SEARCH_PATHS = (
					"$(inherited)",
					"@executable_path/Frameworks",
				);
				MARKETING_VERSION = 1.0;
				PRODUCT_BUNDLE_IDENTIFIER = "Jefmou.AFL3-MobCom";
				PRODUCT_NAME = "$(TARGET_NAME)";
				SWIFT_EMIT_LOC_STRINGS = YES;
				SWIFT_VERSION = 5.0;
				TARGETED_DEVICE_FAMILY = "1,2";
			};
			name = Release;
		};
		04F563CB2B0DC5E30081ED40 /* Debug */ = {
			isa = XCBuildConfiguration;
			buildSettings = {
				ALWAYS_EMBED_SWIFT_STANDARD_LIBRARIES = YES;
				BUNDLE_LOADER = "$(TEST_HOST)";
				CODE_SIGN_STYLE = Automatic;
				CURRENT_PROJECT_VERSION = 1;
				GENERATE_INFOPLIST_FILE = YES;
				IPHONEOS_DEPLOYMENT_TARGET = 17.0;
				MARKETING_VERSION = 1.0;
				PRODUCT_BUNDLE_IDENTIFIER = "Jefmou.AFL3-MobComTests";
				PRODUCT_NAME = "$(TARGET_NAME)";
				SWIFT_EMIT_LOC_STRINGS = NO;
				SWIFT_VERSION = 5.0;
				TARGETED_DEVICE_FAMILY = "1,2";
				TEST_HOST = "$(BUILT_PRODUCTS_DIR)/AFL3_MobCom.app/$(BUNDLE_EXECUTABLE_FOLDER_PATH)/AFL3_MobCom";
			};
			name = Debug;
		};
		04F563CC2B0DC5E30081ED40 /* Release */ = {
			isa = XCBuildConfiguration;
			buildSettings = {
				ALWAYS_EMBED_SWIFT_STANDARD_LIBRARIES = YES;
				BUNDLE_LOADER = "$(TEST_HOST)";
				CODE_SIGN_STYLE = Automatic;
				CURRENT_PROJECT_VERSION = 1;
				GENERATE_INFOPLIST_FILE = YES;
				IPHONEOS_DEPLOYMENT_TARGET = 17.0;
				MARKETING_VERSION = 1.0;
				PRODUCT_BUNDLE_IDENTIFIER = "Jefmou.AFL3-MobComTests";
				PRODUCT_NAME = "$(TARGET_NAME)";
				SWIFT_EMIT_LOC_STRINGS = NO;
				SWIFT_VERSION = 5.0;
				TARGETED_DEVICE_FAMILY = "1,2";
				TEST_HOST = "$(BUILT_PRODUCTS_DIR)/AFL3_MobCom.app/$(BUNDLE_EXECUTABLE_FOLDER_PATH)/AFL3_MobCom";
			};
			name = Release;
		};
		04F563CE2B0DC5E30081ED40 /* Debug */ = {
			isa = XCBuildConfiguration;
			buildSettings = {
				ALWAYS_EMBED_SWIFT_STANDARD_LIBRARIES = YES;
				CODE_SIGN_STYLE = Automatic;
				CURRENT_PROJECT_VERSION = 1;
				GENERATE_INFOPLIST_FILE = YES;
				MARKETING_VERSION = 1.0;
				PRODUCT_BUNDLE_IDENTIFIER = "Jefmou.AFL3-MobComUITests";
				PRODUCT_NAME = "$(TARGET_NAME)";
				SWIFT_EMIT_LOC_STRINGS = NO;
				SWIFT_VERSION = 5.0;
				TARGETED_DEVICE_FAMILY = "1,2";
				TEST_TARGET_NAME = AFL3_MobCom;
			};
			name = Debug;
		};
		04F563CF2B0DC5E30081ED40 /* Release */ = {
			isa = XCBuildConfiguration;
			buildSettings = {
				ALWAYS_EMBED_SWIFT_STANDARD_LIBRARIES = YES;
				CODE_SIGN_STYLE = Automatic;
				CURRENT_PROJECT_VERSION = 1;
				GENERATE_INFOPLIST_FILE = YES;
				MARKETING_VERSION = 1.0;
				PRODUCT_BUNDLE_IDENTIFIER = "Jefmou.AFL3-MobComUITests";
				PRODUCT_NAME = "$(TARGET_NAME)";
				SWIFT_EMIT_LOC_STRINGS = NO;
				SWIFT_VERSION = 5.0;
				TARGETED_DEVICE_FAMILY = "1,2";
				TEST_TARGET_NAME = AFL3_MobCom;
			};
			name = Release;
		};
/* End XCBuildConfiguration section */

/* Begin XCConfigurationList section */
		04F5639E2B0DC5E10081ED40 /* Build configuration list for PBXProject "AFL3_MobCom" */ = {
			isa = XCConfigurationList;
			buildConfigurations = (
				04F563C52B0DC5E30081ED40 /* Debug */,
				04F563C62B0DC5E30081ED40 /* Release */,
			);
			defaultConfigurationIsVisible = 0;
			defaultConfigurationName = Release;
		};
		04F563C72B0DC5E30081ED40 /* Build configuration list for PBXNativeTarget "AFL3_MobCom" */ = {
			isa = XCConfigurationList;
			buildConfigurations = (
				04F563C82B0DC5E30081ED40 /* Debug */,
				04F563C92B0DC5E30081ED40 /* Release */,
			);
			defaultConfigurationIsVisible = 0;
			defaultConfigurationName = Release;
		};
		04F563CA2B0DC5E30081ED40 /* Build configuration list for PBXNativeTarget "AFL3_MobComTests" */ = {
			isa = XCConfigurationList;
			buildConfigurations = (
				04F563CB2B0DC5E30081ED40 /* Debug */,
				04F563CC2B0DC5E30081ED40 /* Release */,
			);
			defaultConfigurationIsVisible = 0;
			defaultConfigurationName = Release;
		};
		04F563CD2B0DC5E30081ED40 /* Build configuration list for PBXNativeTarget "AFL3_MobComUITests" */ = {
			isa = XCConfigurationList;
			buildConfigurations = (
				04F563CE2B0DC5E30081ED40 /* Debug */,
				04F563CF2B0DC5E30081ED40 /* Release */,
			);
			defaultConfigurationIsVisible = 0;
			defaultConfigurationName = Release;
		};
/* End XCConfigurationList section */
	};
	rootObject = 04F5639B2B0DC5E10081ED40 /* Project object */;
}
